// !$*UTF8*$!
{
	archiveVersion = 1;
	classes = {
	};
	objectVersion = 55;
	objects = {

/* Begin PBXBuildFile section */
		B659571B28B47F3500CE060B /* AppDelegate.m in Sources */ = {isa = PBXBuildFile; fileRef = B659571A28B47F3500CE060B /* AppDelegate.m */; };
		B659571E28B47F3500CE060B /* SceneDelegate.m in Sources */ = {isa = PBXBuildFile; fileRef = B659571D28B47F3500CE060B /* SceneDelegate.m */; };
		B659572128B47F3500CE060B /* ViewController.m in Sources */ = {isa = PBXBuildFile; fileRef = B659572028B47F3500CE060B /* ViewController.m */; };
		B659572428B47F3500CE060B /* Main.storyboard in Resources */ = {isa = PBXBuildFile; fileRef = B659572228B47F3500CE060B /* Main.storyboard */; };
		B659572628B47F3800CE060B /* Assets.xcassets in Resources */ = {isa = PBXBuildFile; fileRef = B659572528B47F3800CE060B /* Assets.xcassets */; };
		B659572928B47F3800CE060B /* LaunchScreen.storyboard in Resources */ = {isa = PBXBuildFile; fileRef = B659572728B47F3800CE060B /* LaunchScreen.storyboard */; };
		B659572C28B47F3800CE060B /* main.m in Sources */ = {isa = PBXBuildFile; fileRef = B659572B28B47F3800CE060B /* main.m */; };
		B659573628B47F3800CE060B /* JSDemoTests.m in Sources */ = {isa = PBXBuildFile; fileRef = B659573528B47F3800CE060B /* JSDemoTests.m */; };
		B659574028B47F3800CE060B /* JSDemoUITests.m in Sources */ = {isa = PBXBuildFile; fileRef = B659573F28B47F3800CE060B /* JSDemoUITests.m */; };
		B659574228B47F3800CE060B /* JSDemoUITestsLaunchTests.m in Sources */ = {isa = PBXBuildFile; fileRef = B659574128B47F3800CE060B /* JSDemoUITestsLaunchTests.m */; };
		B659575228B480D200CE060B /* main.js in Resources */ = {isa = PBXBuildFile; fileRef = B659575128B480D200CE060B /* main.js */; };
		B659575528B4871700CE060B /* Globle.m in Sources */ = {isa = PBXBuildFile; fileRef = B659575428B4871700CE060B /* Globle.m */; };
		B659575728B4884D00CE060B /* UIButton.js in Resources */ = {isa = PBXBuildFile; fileRef = B659575628B4884D00CE060B /* UIButton.js */; };
/* End PBXBuildFile section */

/* Begin PBXContainerItemProxy section */
		B659573228B47F3800CE060B /* PBXContainerItemProxy */ = {
			isa = PBXContainerItemProxy;
			containerPortal = B659570E28B47F3500CE060B /* Project object */;
			proxyType = 1;
			remoteGlobalIDString = B659571528B47F3500CE060B;
			remoteInfo = JSDemo;
		};
		B659573C28B47F3800CE060B /* PBXContainerItemProxy */ = {
			isa = PBXContainerItemProxy;
			containerPortal = B659570E28B47F3500CE060B /* Project object */;
			proxyType = 1;
			remoteGlobalIDString = B659571528B47F3500CE060B;
			remoteInfo = JSDemo;
		};
/* End PBXContainerItemProxy section */

/* Begin PBXFileReference section */
		B659571628B47F3500CE060B /* JSDemo.app */ = {isa = PBXFileReference; explicitFileType = wrapper.application; includeInIndex = 0; path = JSDemo.app; sourceTree = BUILT_PRODUCTS_DIR; };
		B659571928B47F3500CE060B /* AppDelegate.h */ = {isa = PBXFileReference; lastKnownFileType = sourcecode.c.h; path = AppDelegate.h; sourceTree = "<group>"; };
		B659571A28B47F3500CE060B /* AppDelegate.m */ = {isa = PBXFileReference; lastKnownFileType = sourcecode.c.objc; path = AppDelegate.m; sourceTree = "<group>"; };
		B659571C28B47F3500CE060B /* SceneDelegate.h */ = {isa = PBXFileReference; lastKnownFileType = sourcecode.c.h; path = SceneDelegate.h; sourceTree = "<group>"; };
		B659571D28B47F3500CE060B /* SceneDelegate.m */ = {isa = PBXFileReference; lastKnownFileType = sourcecode.c.objc; path = SceneDelegate.m; sourceTree = "<group>"; };
		B659571F28B47F3500CE060B /* ViewController.h */ = {isa = PBXFileReference; lastKnownFileType = sourcecode.c.h; path = ViewController.h; sourceTree = "<group>"; };
		B659572028B47F3500CE060B /* ViewController.m */ = {isa = PBXFileReference; lastKnownFileType = sourcecode.c.objc; path = ViewController.m; sourceTree = "<group>"; };
		B659572328B47F3500CE060B /* Base */ = {isa = PBXFileReference; lastKnownFileType = file.storyboard; name = Base; path = Base.lproj/Main.storyboard; sourceTree = "<group>"; };
		B659572528B47F3800CE060B /* Assets.xcassets */ = {isa = PBXFileReference; lastKnownFileType = folder.assetcatalog; path = Assets.xcassets; sourceTree = "<group>"; };
		B659572828B47F3800CE060B /* Base */ = {isa = PBXFileReference; lastKnownFileType = file.storyboard; name = Base; path = Base.lproj/LaunchScreen.storyboard; sourceTree = "<group>"; };
		B659572A28B47F3800CE060B /* Info.plist */ = {isa = PBXFileReference; lastKnownFileType = text.plist.xml; path = Info.plist; sourceTree = "<group>"; };
		B659572B28B47F3800CE060B /* main.m */ = {isa = PBXFileReference; lastKnownFileType = sourcecode.c.objc; path = main.m; sourceTree = "<group>"; };
		B659573128B47F3800CE060B /* JSDemoTests.xctest */ = {isa = PBXFileReference; explicitFileType = wrapper.cfbundle; includeInIndex = 0; path = JSDemoTests.xctest; sourceTree = BUILT_PRODUCTS_DIR; };
		B659573528B47F3800CE060B /* JSDemoTests.m */ = {isa = PBXFileReference; lastKnownFileType = sourcecode.c.objc; path = JSDemoTests.m; sourceTree = "<group>"; };
		B659573B28B47F3800CE060B /* JSDemoUITests.xctest */ = {isa = PBXFileReference; explicitFileType = wrapper.cfbundle; includeInIndex = 0; path = JSDemoUITests.xctest; sourceTree = BUILT_PRODUCTS_DIR; };
		B659573F28B47F3800CE060B /* JSDemoUITests.m */ = {isa = PBXFileReference; lastKnownFileType = sourcecode.c.objc; path = JSDemoUITests.m; sourceTree = "<group>"; };
		B659574128B47F3800CE060B /* JSDemoUITestsLaunchTests.m */ = {isa = PBXFileReference; lastKnownFileType = sourcecode.c.objc; path = JSDemoUITestsLaunchTests.m; sourceTree = "<group>"; };
		B659575128B480D200CE060B /* main.js */ = {isa = PBXFileReference; fileEncoding = 4; lastKnownFileType = sourcecode.javascript; path = main.js; sourceTree = "<group>"; };
		B659575328B4871700CE060B /* Globle.h */ = {isa = PBXFileReference; lastKnownFileType = sourcecode.c.h; path = Globle.h; sourceTree = "<group>"; };
		B659575428B4871700CE060B /* Globle.m */ = {isa = PBXFileReference; lastKnownFileType = sourcecode.c.objc; path = Globle.m; sourceTree = "<group>"; };
		B659575628B4884D00CE060B /* UIButton.js */ = {isa = PBXFileReference; fileEncoding = 4; lastKnownFileType = sourcecode.javascript; path = UIButton.js; sourceTree = "<group>"; };
/* End PBXFileReference section */

/* Begin PBXFrameworksBuildPhase section */
		B659571328B47F3500CE060B /* Frameworks */ = {
			isa = PBXFrameworksBuildPhase;
			buildActionMask = 2147483647;
			files = (
			);
			runOnlyForDeploymentPostprocessing = 0;
		};
		B659572E28B47F3800CE060B /* Frameworks */ = {
			isa = PBXFrameworksBuildPhase;
			buildActionMask = 2147483647;
			files = (
			);
			runOnlyForDeploymentPostprocessing = 0;
		};
		B659573828B47F3800CE060B /* Frameworks */ = {
			isa = PBXFrameworksBuildPhase;
			buildActionMask = 2147483647;
			files = (
			);
			runOnlyForDeploymentPostprocessing = 0;
		};
/* End PBXFrameworksBuildPhase section */

/* Begin PBXGroup section */
		B659570D28B47F3500CE060B = {
			isa = PBXGroup;
			children = (
				B659571828B47F3500CE060B /* JSDemo */,
				B659573428B47F3800CE060B /* JSDemoTests */,
				B659573E28B47F3800CE060B /* JSDemoUITests */,
				B659571728B47F3500CE060B /* Products */,
			);
			sourceTree = "<group>";
		};
		B659571728B47F3500CE060B /* Products */ = {
			isa = PBXGroup;
			children = (
				B659571628B47F3500CE060B /* JSDemo.app */,
				B659573128B47F3800CE060B /* JSDemoTests.xctest */,
				B659573B28B47F3800CE060B /* JSDemoUITests.xctest */,
			);
			name = Products;
			sourceTree = "<group>";
		};
		B659571828B47F3500CE060B /* JSDemo */ = {
			isa = PBXGroup;
			children = (
				B659575628B4884D00CE060B /* UIButton.js */,
				B659575128B480D200CE060B /* main.js */,
				B659571928B47F3500CE060B /* AppDelegate.h */,
				B659571A28B47F3500CE060B /* AppDelegate.m */,
				B659571C28B47F3500CE060B /* SceneDelegate.h */,
				B659571D28B47F3500CE060B /* SceneDelegate.m */,
				B659571F28B47F3500CE060B /* ViewController.h */,
				B659572028B47F3500CE060B /* ViewController.m */,
				B659575328B4871700CE060B /* Globle.h */,
				B659575428B4871700CE060B /* Globle.m */,
				B659572228B47F3500CE060B /* Main.storyboard */,
				B659572528B47F3800CE060B /* Assets.xcassets */,
				B659572728B47F3800CE060B /* LaunchScreen.storyboard */,
				B659572A28B47F3800CE060B /* Info.plist */,
				B659572B28B47F3800CE060B /* main.m */,
			);
			path = JSDemo;
			sourceTree = "<group>";
		};
		B659573428B47F3800CE060B /* JSDemoTests */ = {
			isa = PBXGroup;
			children = (
				B659573528B47F3800CE060B /* JSDemoTests.m */,
			);
			path = JSDemoTests;
			sourceTree = "<group>";
		};
		B659573E28B47F3800CE060B /* JSDemoUITests */ = {
			isa = PBXGroup;
			children = (
				B659573F28B47F3800CE060B /* JSDemoUITests.m */,
				B659574128B47F3800CE060B /* JSDemoUITestsLaunchTests.m */,
			);
			path = JSDemoUITests;
			sourceTree = "<group>";
		};
/* End PBXGroup section */

/* Begin PBXNativeTarget section */
		B659571528B47F3500CE060B /* JSDemo */ = {
			isa = PBXNativeTarget;
			buildConfigurationList = B659574528B47F3800CE060B /* Build configuration list for PBXNativeTarget "JSDemo" */;
			buildPhases = (
				B659571228B47F3500CE060B /* Sources */,
				B659571328B47F3500CE060B /* Frameworks */,
				B659571428B47F3500CE060B /* Resources */,
			);
			buildRules = (
			);
			dependencies = (
			);
			name = JSDemo;
			productName = JSDemo;
			productReference = B659571628B47F3500CE060B /* JSDemo.app */;
			productType = "com.apple.product-type.application";
		};
		B659573028B47F3800CE060B /* JSDemoTests */ = {
			isa = PBXNativeTarget;
			buildConfigurationList = B659574828B47F3800CE060B /* Build configuration list for PBXNativeTarget "JSDemoTests" */;
			buildPhases = (
				B659572D28B47F3800CE060B /* Sources */,
				B659572E28B47F3800CE060B /* Frameworks */,
				B659572F28B47F3800CE060B /* Resources */,
			);
			buildRules = (
			);
			dependencies = (
				B659573328B47F3800CE060B /* PBXTargetDependency */,
			);
			name = JSDemoTests;
			productName = JSDemoTests;
			productReference = B659573128B47F3800CE060B /* JSDemoTests.xctest */;
			productType = "com.apple.product-type.bundle.unit-test";
		};
		B659573A28B47F3800CE060B /* JSDemoUITests */ = {
			isa = PBXNativeTarget;
			buildConfigurationList = B659574B28B47F3800CE060B /* Build configuration list for PBXNativeTarget "JSDemoUITests" */;
			buildPhases = (
				B659573728B47F3800CE060B /* Sources */,
				B659573828B47F3800CE060B /* Frameworks */,
				B659573928B47F3800CE060B /* Resources */,
			);
			buildRules = (
			);
			dependencies = (
				B659573D28B47F3800CE060B /* PBXTargetDependency */,
			);
			name = JSDemoUITests;
			productName = JSDemoUITests;
			productReference = B659573B28B47F3800CE060B /* JSDemoUITests.xctest */;
			productType = "com.apple.product-type.bundle.ui-testing";
		};
/* End PBXNativeTarget section */

/* Begin PBXProject section */
		B659570E28B47F3500CE060B /* Project object */ = {
			isa = PBXProject;
			attributes = {
				BuildIndependentTargetsInParallel = 1;
				LastUpgradeCheck = 1340;
				TargetAttributes = {
					B659571528B47F3500CE060B = {
						CreatedOnToolsVersion = 13.4.1;
					};
					B659573028B47F3800CE060B = {
						CreatedOnToolsVersion = 13.4.1;
						TestTargetID = B659571528B47F3500CE060B;
					};
					B659573A28B47F3800CE060B = {
						CreatedOnToolsVersion = 13.4.1;
						TestTargetID = B659571528B47F3500CE060B;
					};
				};
			};
			buildConfigurationList = B659571128B47F3500CE060B /* Build configuration list for PBXProject "JSDemo" */;
			compatibilityVersion = "Xcode 13.0";
			developmentRegion = en;
			hasScannedForEncodings = 0;
			knownRegions = (
				en,
				Base,
			);
			mainGroup = B659570D28B47F3500CE060B;
			productRefGroup = B659571728B47F3500CE060B /* Products */;
			projectDirPath = "";
			projectRoot = "";
			targets = (
				B659571528B47F3500CE060B /* JSDemo */,
				B659573028B47F3800CE060B /* JSDemoTests */,
				B659573A28B47F3800CE060B /* JSDemoUITests */,
			);
		};
/* End PBXProject section */

/* Begin PBXResourcesBuildPhase section */
		B659571428B47F3500CE060B /* Resources */ = {
			isa = PBXResourcesBuildPhase;
			buildActionMask = 2147483647;
			files = (
				B659572928B47F3800CE060B /* LaunchScreen.storyboard in Resources */,
				B659572628B47F3800CE060B /* Assets.xcassets in Resources */,
				B659575728B4884D00CE060B /* UIButton.js in Resources */,
				B659572428B47F3500CE060B /* Main.storyboard in Resources */,
				B659575228B480D200CE060B /* main.js in Resources */,
			);
			runOnlyForDeploymentPostprocessing = 0;
		};
		B659572F28B47F3800CE060B /* Resources */ = {
			isa = PBXResourcesBuildPhase;
			buildActionMask = 2147483647;
			files = (
			);
			runOnlyForDeploymentPostprocessing = 0;
		};
		B659573928B47F3800CE060B /* Resources */ = {
			isa = PBXResourcesBuildPhase;
			buildActionMask = 2147483647;
			files = (
			);
			runOnlyForDeploymentPostprocessing = 0;
		};
/* End PBXResourcesBuildPhase section */

/* Begin PBXSourcesBuildPhase section */
		B659571228B47F3500CE060B /* Sources */ = {
			isa = PBXSourcesBuildPhase;
			buildActionMask = 2147483647;
			files = (
				B659572128B47F3500CE060B /* ViewController.m in Sources */,
				B659571B28B47F3500CE060B /* AppDelegate.m in Sources */,
				B659575528B4871700CE060B /* Globle.m in Sources */,
				B659572C28B47F3800CE060B /* main.m in Sources */,
				B659571E28B47F3500CE060B /* SceneDelegate.m in Sources */,
			);
			runOnlyForDeploymentPostprocessing = 0;
		};
		B659572D28B47F3800CE060B /* Sources */ = {
			isa = PBXSourcesBuildPhase;
			buildActionMask = 2147483647;
			files = (
				B659573628B47F3800CE060B /* JSDemoTests.m in Sources */,
			);
			runOnlyForDeploymentPostprocessing = 0;
		};
		B659573728B47F3800CE060B /* Sources */ = {
			isa = PBXSourcesBuildPhase;
			buildActionMask = 2147483647;
			files = (
				B659574228B47F3800CE060B /* JSDemoUITestsLaunchTests.m in Sources */,
				B659574028B47F3800CE060B /* JSDemoUITests.m in Sources */,
			);
			runOnlyForDeploymentPostprocessing = 0;
		};
/* End PBXSourcesBuildPhase section */

/* Begin PBXTargetDependency section */
		B659573328B47F3800CE060B /* PBXTargetDependency */ = {
			isa = PBXTargetDependency;
			target = B659571528B47F3500CE060B /* JSDemo */;
			targetProxy = B659573228B47F3800CE060B /* PBXContainerItemProxy */;
		};
		B659573D28B47F3800CE060B /* PBXTargetDependency */ = {
			isa = PBXTargetDependency;
			target = B659571528B47F3500CE060B /* JSDemo */;
			targetProxy = B659573C28B47F3800CE060B /* PBXContainerItemProxy */;
		};
/* End PBXTargetDependency section */

/* Begin PBXVariantGroup section */
		B659572228B47F3500CE060B /* Main.storyboard */ = {
			isa = PBXVariantGroup;
			children = (
				B659572328B47F3500CE060B /* Base */,
			);
			name = Main.storyboard;
			sourceTree = "<group>";
		};
		B659572728B47F3800CE060B /* LaunchScreen.storyboard */ = {
			isa = PBXVariantGroup;
			children = (
				B659572828B47F3800CE060B /* Base */,
			);
			name = LaunchScreen.storyboard;
			sourceTree = "<group>";
		};
/* End PBXVariantGroup section */

/* Begin XCBuildConfiguration section */
		B659574328B47F3800CE060B /* Debug */ = {
			isa = XCBuildConfiguration;
			buildSettings = {
				ALWAYS_SEARCH_USER_PATHS = NO;
				CLANG_ANALYZER_NONNULL = YES;
				CLANG_ANALYZER_NUMBER_OBJECT_CONVERSION = YES_AGGRESSIVE;
				CLANG_CXX_LANGUAGE_STANDARD = "gnu++17";
				CLANG_ENABLE_MODULES = YES;
				CLANG_ENABLE_OBJC_ARC = YES;
				CLANG_ENABLE_OBJC_WEAK = YES;
				CLANG_WARN_BLOCK_CAPTURE_AUTORELEASING = YES;
				CLANG_WARN_BOOL_CONVERSION = YES;
				CLANG_WARN_COMMA = YES;
				CLANG_WARN_CONSTANT_CONVERSION = YES;
				CLANG_WARN_DEPRECATED_OBJC_IMPLEMENTATIONS = YES;
				CLANG_WARN_DIRECT_OBJC_ISA_USAGE = YES_ERROR;
				CLANG_WARN_DOCUMENTATION_COMMENTS = YES;
				CLANG_WARN_EMPTY_BODY = YES;
				CLANG_WARN_ENUM_CONVERSION = YES;
				CLANG_WARN_INFINITE_RECURSION = YES;
				CLANG_WARN_INT_CONVERSION = YES;
				CLANG_WARN_NON_LITERAL_NULL_CONVERSION = YES;
				CLANG_WARN_OBJC_IMPLICIT_RETAIN_SELF = YES;
				CLANG_WARN_OBJC_LITERAL_CONVERSION = YES;
				CLANG_WARN_OBJC_ROOT_CLASS = YES_ERROR;
				CLANG_WARN_QUOTED_INCLUDE_IN_FRAMEWORK_HEADER = YES;
				CLANG_WARN_RANGE_LOOP_ANALYSIS = YES;
				CLANG_WARN_STRICT_PROTOTYPES = YES;
				CLANG_WARN_SUSPICIOUS_MOVE = YES;
				CLANG_WARN_UNGUARDED_AVAILABILITY = YES_AGGRESSIVE;
				CLANG_WARN_UNREACHABLE_CODE = YES;
				CLANG_WARN__DUPLICATE_METHOD_MATCH = YES;
				COPY_PHASE_STRIP = NO;
				DEBUG_INFORMATION_FORMAT = dwarf;
				ENABLE_STRICT_OBJC_MSGSEND = YES;
				ENABLE_TESTABILITY = YES;
				GCC_C_LANGUAGE_STANDARD = gnu11;
				GCC_DYNAMIC_NO_PIC = NO;
				GCC_NO_COMMON_BLOCKS = YES;
				GCC_OPTIMIZATION_LEVEL = 0;
				GCC_PREPROCESSOR_DEFINITIONS = (
					"DEBUG=1",
					"$(inherited)",
				);
				GCC_WARN_64_TO_32_BIT_CONVERSION = YES;
				GCC_WARN_ABOUT_RETURN_TYPE = YES_ERROR;
				GCC_WARN_UNDECLARED_SELECTOR = YES;
				GCC_WARN_UNINITIALIZED_AUTOS = YES_AGGRESSIVE;
				GCC_WARN_UNUSED_FUNCTION = YES;
				GCC_WARN_UNUSED_VARIABLE = YES;
				IPHONEOS_DEPLOYMENT_TARGET = 15.5;
				MTL_ENABLE_DEBUG_INFO = INCLUDE_SOURCE;
				MTL_FAST_MATH = YES;
				ONLY_ACTIVE_ARCH = YES;
				SDKROOT = iphoneos;
			};
			name = Debug;
		};
		B659574428B47F3800CE060B /* Release */ = {
			isa = XCBuildConfiguration;
			buildSettings = {
				ALWAYS_SEARCH_USER_PATHS = NO;
				CLANG_ANALYZER_NONNULL = YES;
				CLANG_ANALYZER_NUMBER_OBJECT_CONVERSION = YES_AGGRESSIVE;
				CLANG_CXX_LANGUAGE_STANDARD = "gnu++17";
				CLANG_ENABLE_MODULES = YES;
				CLANG_ENABLE_OBJC_ARC = YES;
				CLANG_ENABLE_OBJC_WEAK = YES;
				CLANG_WARN_BLOCK_CAPTURE_AUTORELEASING = YES;
				CLANG_WARN_BOOL_CONVERSION = YES;
				CLANG_WARN_COMMA = YES;
				CLANG_WARN_CONSTANT_CONVERSION = YES;
				CLANG_WARN_DEPRECATED_OBJC_IMPLEMENTATIONS = YES;
				CLANG_WARN_DIRECT_OBJC_ISA_USAGE = YES_ERROR;
				CLANG_WARN_DOCUMENTATION_COMMENTS = YES;
				CLANG_WARN_EMPTY_BODY = YES;
				CLANG_WARN_ENUM_CONVERSION = YES;
				CLANG_WARN_INFINITE_RECURSION = YES;
				CLANG_WARN_INT_CONVERSION = YES;
				CLANG_WARN_NON_LITERAL_NULL_CONVERSION = YES;
				CLANG_WARN_OBJC_IMPLICIT_RETAIN_SELF = YES;
				CLANG_WARN_OBJC_LITERAL_CONVERSION = YES;
				CLANG_WARN_OBJC_ROOT_CLASS = YES_ERROR;
				CLANG_WARN_QUOTED_INCLUDE_IN_FRAMEWORK_HEADER = YES;
				CLANG_WARN_RANGE_LOOP_ANALYSIS = YES;
				CLANG_WARN_STRICT_PROTOTYPES = YES;
				CLANG_WARN_SUSPICIOUS_MOVE = YES;
				CLANG_WARN_UNGUARDED_AVAILABILITY = YES_AGGRESSIVE;
				CLANG_WARN_UNREACHABLE_CODE = YES;
				CLANG_WARN__DUPLICATE_METHOD_MATCH = YES;
				COPY_PHASE_STRIP = NO;
				DEBUG_INFORMATION_FORMAT = "dwarf-with-dsym";
				ENABLE_NS_ASSERTIONS = NO;
				ENABLE_STRICT_OBJC_MSGSEND = YES;
				GCC_C_LANGUAGE_STANDARD = gnu11;
				GCC_NO_COMMON_BLOCKS = YES;
				GCC_WARN_64_TO_32_BIT_CONVERSION = YES;
				GCC_WARN_ABOUT_RETURN_TYPE = YES_ERROR;
				GCC_WARN_UNDECLARED_SELECTOR = YES;
				GCC_WARN_UNINITIALIZED_AUTOS = YES_AGGRESSIVE;
				GCC_WARN_UNUSED_FUNCTION = YES;
				GCC_WARN_UNUSED_VARIABLE = YES;
				IPHONEOS_DEPLOYMENT_TARGET = 15.5;
				MTL_ENABLE_DEBUG_INFO = NO;
				MTL_FAST_MATH = YES;
				SDKROOT = iphoneos;
				VALIDATE_PRODUCT = YES;
			};
			name = Release;
		};
		B659574628B47F3800CE060B /* Debug */ = {
			isa = XCBuildConfiguration;
			buildSettings = {
				ASSETCATALOG_COMPILER_APPICON_NAME = AppIcon;
				ASSETCATALOG_COMPILER_GLOBAL_ACCENT_COLOR_NAME = AccentColor;
				CODE_SIGN_STYLE = Automatic;
				CURRENT_PROJECT_VERSION = 1;
				DEVELOPMENT_TEAM = 8E2J3QZ8ZD;
				GENERATE_INFOPLIST_FILE = YES;
				INFOPLIST_FILE = JSDemo/Info.plist;
				INFOPLIST_KEY_UIApplicationSupportsIndirectInputEvents = YES;
				INFOPLIST_KEY_UILaunchStoryboardName = LaunchScreen;
				INFOPLIST_KEY_UIMainStoryboardFile = Main;
				INFOPLIST_KEY_UISupportedInterfaceOrientations_iPad = "UIInterfaceOrientationPortrait UIInterfaceOrientationPortraitUpsideDown UIInterfaceOrientationLandscapeLeft UIInterfaceOrientationLandscapeRight";
				INFOPLIST_KEY_UISupportedInterfaceOrientations_iPhone = "UIInterfaceOrientationPortrait UIInterfaceOrientationLandscapeLeft UIInterfaceOrientationLandscapeRight";
				LD_RUNPATH_SEARCH_PATHS = (
					"$(inherited)",
					"@executable_path/Frameworks",
				);
				MARKETING_VERSION = 1.0;
				PRODUCT_BUNDLE_IDENTIFIER = com.baidu.JSDemo;
				PRODUCT_NAME = "$(TARGET_NAME)";
				SWIFT_EMIT_LOC_STRINGS = YES;
				TARGETED_DEVICE_FAMILY = "1,2";
			};
			name = Debug;
		};
		B659574728B47F3800CE060B /* Release */ = {
			isa = XCBuildConfiguration;
			buildSettings = {
				ASSETCATALOG_COMPILER_APPICON_NAME = AppIcon;
				ASSETCATALOG_COMPILER_GLOBAL_ACCENT_COLOR_NAME = AccentColor;
				CODE_SIGN_STYLE = Automatic;
				CURRENT_PROJECT_VERSION = 1;
				DEVELOPMENT_TEAM = 8E2J3QZ8ZD;
				GENERATE_INFOPLIST_FILE = YES;
				INFOPLIST_FILE = JSDemo/Info.plist;
				INFOPLIST_KEY_UIApplicationSupportsIndirectInputEvents = YES;
				INFOPLIST_KEY_UILaunchStoryboardName = LaunchScreen;
				INFOPLIST_KEY_UIMainStoryboardFile = Main;
				INFOPLIST_KEY_UISupportedInterfaceOrientations_iPad = "UIInterfaceOrientationPortrait UIInterfaceOrientationPortraitUpsideDown UIInterfaceOrientationLandscapeLeft UIInterfaceOrientationLandscapeRight";
				INFOPLIST_KEY_UISupportedInterfaceOrientations_iPhone = "UIInterfaceOrientationPortrait UIInterfaceOrientationLandscapeLeft UIInterfaceOrientationLandscapeRight";
				LD_RUNPATH_SEARCH_PATHS = (
					"$(inherited)",
					"@executable_path/Frameworks",
				);
				MARKETING_VERSION = 1.0;
				PRODUCT_BUNDLE_IDENTIFIER = com.baidu.JSDemo;
				PRODUCT_NAME = "$(TARGET_NAME)";
				SWIFT_EMIT_LOC_STRINGS = YES;
				TARGETED_DEVICE_FAMILY = "1,2";
			};
			name = Release;
		};
		B659574928B47F3800CE060B /* Debug */ = {
			isa = XCBuildConfiguration;
			buildSettings = {
				BUNDLE_LOADER = "$(TEST_HOST)";
				CODE_SIGN_STYLE = Automatic;
				CURRENT_PROJECT_VERSION = 1;
				DEVELOPMENT_TEAM = 8E2J3QZ8ZD;
				GENERATE_INFOPLIST_FILE = YES;
				IPHONEOS_DEPLOYMENT_TARGET = 15.5;
				MARKETING_VERSION = 1.0;
				PRODUCT_BUNDLE_IDENTIFIER = com.baidu.JSDemoTests;
				PRODUCT_NAME = "$(TARGET_NAME)";
				SWIFT_EMIT_LOC_STRINGS = NO;
				TARGETED_DEVICE_FAMILY = "1,2";
				TEST_HOST = "$(BUILT_PRODUCTS_DIR)/JSDemo.app/JSDemo";
			};
			name = Debug;
		};
		B659574A28B47F3800CE060B /* Release */ = {
			isa = XCBuildConfiguration;
			buildSettings = {
				BUNDLE_LOADER = "$(TEST_HOST)";
				CODE_SIGN_STYLE = Automatic;
				CURRENT_PROJECT_VERSION = 1;
				DEVELOPMENT_TEAM = 8E2J3QZ8ZD;
				GENERATE_INFOPLIST_FILE = YES;
				IPHONEOS_DEPLOYMENT_TARGET = 15.5;
				MARKETING_VERSION = 1.0;
				PRODUCT_BUNDLE_IDENTIFIER = com.baidu.JSDemoTests;
				PRODUCT_NAME = "$(TARGET_NAME)";
				SWIFT_EMIT_LOC_STRINGS = NO;
				TARGETED_DEVICE_FAMILY = "1,2";
				TEST_HOST = "$(BUILT_PRODUCTS_DIR)/JSDemo.app/JSDemo";
			};
			name = Release;
		};
		B659574C28B47F3800CE060B /* Debug */ = {
			isa = XCBuildConfiguration;
			buildSettings = {
				CODE_SIGN_STYLE = Automatic;
				CURRENT_PROJECT_VERSION = 1;
				DEVELOPMENT_TEAM = 8E2J3QZ8ZD;
				GENERATE_INFOPLIST_FILE = YES;
				MARKETING_VERSION = 1.0;
				PRODUCT_BUNDLE_IDENTIFIER = com.baidu.JSDemoUITests;
				PRODUCT_NAME = "$(TARGET_NAME)";
				SWIFT_EMIT_LOC_STRINGS = NO;
				TARGETED_DEVICE_FAMILY = "1,2";
				TEST_TARGET_NAME = JSDemo;
			};
			name = Debug;
		};
		B659574D28B47F3800CE060B /* Release */ = {
			isa = XCBuildConfiguration;
			buildSettings = {
				CODE_SIGN_STYLE = Automatic;
				CURRENT_PROJECT_VERSION = 1;
				DEVELOPMENT_TEAM = 8E2J3QZ8ZD;
				GENERATE_INFOPLIST_FILE = YES;
				MARKETING_VERSION = 1.0;
				PRODUCT_BUNDLE_IDENTIFIER = com.baidu.JSDemoUITests;
				PRODUCT_NAME = "$(TARGET_NAME)";
				SWIFT_EMIT_LOC_STRINGS = NO;
				TARGETED_DEVICE_FAMILY = "1,2";
				TEST_TARGET_NAME = JSDemo;
			};
			name = Release;
		};
/* End XCBuildConfiguration section */

/* Begin XCConfigurationList section */
		B659571128B47F3500CE060B /* Build configuration list for PBXProject "JSDemo" */ = {
			isa = XCConfigurationList;
			buildConfigurations = (
				B659574328B47F3800CE060B /* Debug */,
				B659574428B47F3800CE060B /* Release */,
			);
			defaultConfigurationIsVisible = 0;
			defaultConfigurationName = Release;
		};
		B659574528B47F3800CE060B /* Build configuration list for PBXNativeTarget "JSDemo" */ = {
			isa = XCConfigurationList;
			buildConfigurations = (
				B659574628B47F3800CE060B /* Debug */,
				B659574728B47F3800CE060B /* Release */,
			);
			defaultConfigurationIsVisible = 0;
			defaultConfigurationName = Release;
		};
		B659574828B47F3800CE060B /* Build configuration list for PBXNativeTarget "JSDemoTests" */ = {
			isa = XCConfigurationList;
			buildConfigurations = (
				B659574928B47F3800CE060B /* Debug */,
				B659574A28B47F3800CE060B /* Release */,
			);
			defaultConfigurationIsVisible = 0;
			defaultConfigurationName = Release;
		};
		B659574B28B47F3800CE060B /* Build configuration list for PBXNativeTarget "JSDemoUITests" */ = {
			isa = XCConfigurationList;
			buildConfigurations = (
				B659574C28B47F3800CE060B /* Debug */,
				B659574D28B47F3800CE060B /* Release */,
			);
			defaultConfigurationIsVisible = 0;
			defaultConfigurationName = Release;
		};
/* End XCConfigurationList section */
	};
	rootObject = B659570E28B47F3500CE060B /* Project object */;
}
